// !$*UTF8*$!
{
	archiveVersion = 1;
	classes = {
	};
	objectVersion = 48;
	objects = {

/* Begin PBXBuildFile section */
		A81BC5E6218622A500478AB1 /* AppDelegate.swift in Sources */ = {isa = PBXBuildFile; fileRef = A81BC5E5218622A500478AB1 /* AppDelegate.swift */; };
		A81BC5E8218622A500478AB1 /* ViewController.swift in Sources */ = {isa = PBXBuildFile; fileRef = A81BC5E7218622A500478AB1 /* ViewController.swift */; };
		A81BC5EB218622A500478AB1 /* Main.storyboard in Resources */ = {isa = PBXBuildFile; fileRef = A81BC5E9218622A500478AB1 /* Main.storyboard */; };
		A81BC5EE218622A500478AB1 /* hamburger.xcdatamodeld in Sources */ = {isa = PBXBuildFile; fileRef = A81BC5EC218622A500478AB1 /* hamburger.xcdatamodeld */; };
		A81BC5F0218622A500478AB1 /* Assets.xcassets in Resources */ = {isa = PBXBuildFile; fileRef = A81BC5EF218622A500478AB1 /* Assets.xcassets */; };
		A81BC5F3218622A500478AB1 /* LaunchScreen.storyboard in Resources */ = {isa = PBXBuildFile; fileRef = A81BC5F1218622A500478AB1 /* LaunchScreen.storyboard */; };
/* End PBXBuildFile section */

/* Begin PBXFileReference section */
		A81BC5E2218622A500478AB1 /* hamburger.app */ = {isa = PBXFileReference; explicitFileType = wrapper.application; includeInIndex = 0; path = hamburger.app; sourceTree = BUILT_PRODUCTS_DIR; };
		A81BC5E5218622A500478AB1 /* AppDelegate.swift */ = {isa = PBXFileReference; lastKnownFileType = sourcecode.swift; path = AppDelegate.swift; sourceTree = "<group>"; };
		A81BC5E7218622A500478AB1 /* ViewController.swift */ = {isa = PBXFileReference; lastKnownFileType = sourcecode.swift; path = ViewController.swift; sourceTree = "<group>"; };
		A81BC5EA218622A500478AB1 /* Base */ = {isa = PBXFileReference; lastKnownFileType = file.storyboard; name = Base; path = Base.lproj/Main.storyboard; sourceTree = "<group>"; };
		A81BC5ED218622A500478AB1 /* hamburger.xcdatamodel */ = {isa = PBXFileReference; lastKnownFileType = wrapper.xcdatamodel; path = hamburger.xcdatamodel; sourceTree = "<group>"; };
		A81BC5EF218622A500478AB1 /* Assets.xcassets */ = {isa = PBXFileReference; lastKnownFileType = folder.assetcatalog; path = Assets.xcassets; sourceTree = "<group>"; };
		A81BC5F2218622A500478AB1 /* Base */ = {isa = PBXFileReference; lastKnownFileType = file.storyboard; name = Base; path = Base.lproj/LaunchScreen.storyboard; sourceTree = "<group>"; };
		A81BC5F4218622A500478AB1 /* Info.plist */ = {isa = PBXFileReference; lastKnownFileType = text.plist.xml; path = Info.plist; sourceTree = "<group>"; };
/* End PBXFileReference section */

/* Begin PBXFrameworksBuildPhase section */
		A81BC5DF218622A500478AB1 /* Frameworks */ = {
			isa = PBXFrameworksBuildPhase;
			buildActionMask = 2147483647;
			files = (
			);
			runOnlyForDeploymentPostprocessing = 0;
		};
/* End PBXFrameworksBuildPhase section */

/* Begin PBXGroup section */
		A81BC5D9218622A400478AB1 = {
			isa = PBXGroup;
			children = (
				A81BC5E4218622A500478AB1 /* hamburger */,
				A81BC5E3218622A500478AB1 /* Products */,
			);
			sourceTree = "<group>";
		};
		A81BC5E3218622A500478AB1 /* Products */ = {
			isa = PBXGroup;
			children = (
				A81BC5E2218622A500478AB1 /* hamburger.app */,
			);
			name = Products;
			sourceTree = "<group>";
		};
		A81BC5E4218622A500478AB1 /* hamburger */ = {
			isa = PBXGroup;
			children = (
				A81BC5E5218622A500478AB1 /* AppDelegate.swift */,
				A81BC5E7218622A500478AB1 /* ViewController.swift */,
				A81BC5E9218622A500478AB1 /* Main.storyboard */,
				A81BC5EF218622A500478AB1 /* Assets.xcassets */,
				A81BC5F1218622A500478AB1 /* LaunchScreen.storyboard */,
				A81BC5F4218622A500478AB1 /* Info.plist */,
				A81BC5EC218622A500478AB1 /* hamburger.xcdatamodeld */,
			);
			path = hamburger;
			sourceTree = "<group>";
		};
/* End PBXGroup section */

/* Begin PBXNativeTarget section */
		A81BC5E1218622A500478AB1 /* hamburger */ = {
			isa = PBXNativeTarget;
			buildConfigurationList = A81BC5F7218622A500478AB1 /* Build configuration list for PBXNativeTarget "hamburger" */;
			buildPhases = (
				A81BC5DE218622A500478AB1 /* Sources */,
				A81BC5DF218622A500478AB1 /* Frameworks */,
				A81BC5E0218622A500478AB1 /* Resources */,
			);
			buildRules = (
			);
			dependencies = (
			);
			name = hamburger;
			productName = hamburger;
			productReference = A81BC5E2218622A500478AB1 /* hamburger.app */;
			productType = "com.apple.product-type.application";
		};
/* End PBXNativeTarget section */

/* Begin PBXProject section */
		A81BC5DA218622A400478AB1 /* Project object */ = {
			isa = PBXProject;
			attributes = {
				LastSwiftUpdateCheck = 0920;
				LastUpgradeCheck = 0920;
				ORGANIZATIONNAME = mhr;
				TargetAttributes = {
					A81BC5E1218622A500478AB1 = {
						CreatedOnToolsVersion = 9.2;
						ProvisioningStyle = Automatic;
					};
				};
			};
			buildConfigurationList = A81BC5DD218622A400478AB1 /* Build configuration list for PBXProject "hamburger" */;
			compatibilityVersion = "Xcode 8.0";
			developmentRegion = en;
			hasScannedForEncodings = 0;
			knownRegions = (
				en,
				Base,
			);
			mainGroup = A81BC5D9218622A400478AB1;
			productRefGroup = A81BC5E3218622A500478AB1 /* Products */;
			projectDirPath = "";
			projectRoot = "";
			targets = (
				A81BC5E1218622A500478AB1 /* hamburger */,
			);
		};
/* End PBXProject section */

/* Begin PBXResourcesBuildPhase section */
		A81BC5E0218622A500478AB1 /* Resources */ = {
			isa = PBXResourcesBuildPhase;
			buildActionMask = 2147483647;
			files = (
				A81BC5F3218622A500478AB1 /* LaunchScreen.storyboard in Resources */,
				A81BC5F0218622A500478AB1 /* Assets.xcassets in Resources */,
				A81BC5EB218622A500478AB1 /* Main.storyboard in Resources */,
			);
			runOnlyForDeploymentPostprocessing = 0;
		};
/* End PBXResourcesBuildPhase section */

/* Begin PBXSourcesBuildPhase section */
		A81BC5DE218622A500478AB1 /* Sources */ = {
			isa = PBXSourcesBuildPhase;
			buildActionMask = 2147483647;
			files = (
				A81BC5EE218622A500478AB1 /* hamburger.xcdatamodeld in Sources */,
				A81BC5E8218622A500478AB1 /* ViewController.swift in Sources */,
				A81BC5E6218622A500478AB1 /* AppDelegate.swift in Sources */,
			);
			runOnlyForDeploymentPostprocessing = 0;
		};
/* End PBXSourcesBuildPhase section */

/* Begin PBXVariantGroup section */
		A81BC5E9218622A500478AB1 /* Main.storyboard */ = {
			isa = PBXVariantGroup;
			children = (
				A81BC5EA218622A500478AB1 /* Base */,
			);
			name = Main.storyboard;
			sourceTree = "<group>";
		};
		A81BC5F1218622A500478AB1 /* LaunchScreen.storyboard */ = {
			isa = PBXVariantGroup;
			children = (
				A81BC5F2218622A500478AB1 /* Base */,
			);
			name = LaunchScreen.storyboard;
			sourceTree = "<group>";
		};
/* End PBXVariantGroup section */

/* Begin XCBuildConfiguration section */
		A81BC5F5218622A500478AB1 /* Debug */ = {
			isa = XCBuildConfiguration;
			buildSettings = {
				ALWAYS_SEARCH_USER_PATHS = NO;
				CLANG_ANALYZER_NONNULL = YES;
				CLANG_ANALYZER_NUMBER_OBJECT_CONVERSION = YES_AGGRESSIVE;
				CLANG_CXX_LANGUAGE_STANDARD = "gnu++14";
				CLANG_CXX_LIBRARY = "libc++";
				CLANG_ENABLE_MODULES = YES;
				CLANG_ENABLE_OBJC_ARC = YES;
				CLANG_WARN_BLOCK_CAPTURE_AUTORELEASING = YES;
				CLANG_WARN_BOOL_CONVERSION = YES;
				CLANG_WARN_COMMA = YES;
				CLANG_WARN_CONSTANT_CONVERSION = YES;
				CLANG_WARN_DIRECT_OBJC_ISA_USAGE = YES_ERROR;
				CLANG_WARN_DOCUMENTATION_COMMENTS = YES;
				CLANG_WARN_EMPTY_BODY = YES;
				CLANG_WARN_ENUM_CONVERSION = YES;
				CLANG_WARN_INFINITE_RECURSION = YES;
				CLANG_WARN_INT_CONVERSION = YES;
				CLANG_WARN_NON_LITERAL_NULL_CONVERSION = YES;
				CLANG_WARN_OBJC_LITERAL_CONVERSION = YES;
				CLANG_WARN_OBJC_ROOT_CLASS = YES_ERROR;
				CLANG_WARN_RANGE_LOOP_ANALYSIS = YES;
				CLANG_WARN_STRICT_PROTOTYPES = YES;
				CLANG_WARN_SUSPICIOUS_MOVE = YES;
				CLANG_WARN_UNGUARDED_AVAILABILITY = YES_AGGRESSIVE;
				CLANG_WARN_UNREACHABLE_CODE = YES;
				CLANG_WARN__DUPLICATE_METHOD_MATCH = YES;
				CODE_SIGN_IDENTITY = "iPhone Developer";
				COPY_PHASE_STRIP = NO;
				DEBUG_INFORMATION_FORMAT = dwarf;
				ENABLE_STRICT_OBJC_MSGSEND = YES;
				ENABLE_TESTABILITY = YES;
				GCC_C_LANGUAGE_STANDARD = gnu11;
				GCC_DYNAMIC_NO_PIC = NO;
				GCC_NO_COMMON_BLOCKS = YES;
				GCC_OPTIMIZATION_LEVEL = 0;
				GCC_PREPROCESSOR_DEFINITIONS = (
					"DEBUG=1",
					"$(inherited)",
				);
				GCC_WARN_64_TO_32_BIT_CONVERSION = YES;
				GCC_WARN_ABOUT_RETURN_TYPE = YES_ERROR;
				GCC_WARN_UNDECLARED_SELECTOR = YES;
				GCC_WARN_UNINITIALIZED_AUTOS = YES_AGGRESSIVE;
				GCC_WARN_UNUSED_FUNCTION = YES;
				GCC_WARN_UNUSED_VARIABLE = YES;
				IPHONEOS_DEPLOYMENT_TARGET = 11.2;
				MTL_ENABLE_DEBUG_INFO = YES;
				ONLY_ACTIVE_ARCH = YES;
				SDKROOT = iphoneos;
				SWIFT_ACTIVE_COMPILATION_CONDITIONS = DEBUG;
				SWIFT_OPTIMIZATION_LEVEL = "-Onone";
			};
			name = Debug;
		};
		A81BC5F6218622A500478AB1 /* Release */ = {
			isa = XCBuildConfiguration;
			buildSettings = {
				ALWAYS_SEARCH_USER_PATHS = NO;
				CLANG_ANALYZER_NONNULL = YES;
				CLANG_ANALYZER_NUMBER_OBJECT_CONVERSION = YES_AGGRESSIVE;
				CLANG_CXX_LANGUAGE_STANDARD = "gnu++14";
				CLANG_CXX_LIBRARY = "libc++";
				CLANG_ENABLE_MODULES = YES;
				CLANG_ENABLE_OBJC_ARC = YES;
				CLANG_WARN_BLOCK_CAPTURE_AUTORELEASING = YES;
				CLANG_WARN_BOOL_CONVERSION = YES;
				CLANG_WARN_COMMA = YES;
				CLANG_WARN_CONSTANT_CONVERSION = YES;
				CLANG_WARN_DIRECT_OBJC_ISA_USAGE = YES_ERROR;
				CLANG_WARN_DOCUMENTATION_COMMENTS = YES;
				CLANG_WARN_EMPTY_BODY = YES;
				CLANG_WARN_ENUM_CONVERSION = YES;
				CLANG_WARN_INFINITE_RECURSION = YES;
				CLANG_WARN_INT_CONVERSION = YES;
				CLANG_WARN_NON_LITERAL_NULL_CONVERSION = YES;
				CLANG_WARN_OBJC_LITERAL_CONVERSION = YES;
				CLANG_WARN_OBJC_ROOT_CLASS = YES_ERROR;
				CLANG_WARN_RANGE_LOOP_ANALYSIS = YES;
				CLANG_WARN_STRICT_PROTOTYPES = YES;
				CLANG_WARN_SUSPICIOUS_MOVE = YES;
				CLANG_WARN_UNGUARDED_AVAILABILITY = YES_AGGRESSIVE;
				CLANG_WARN_UNREACHABLE_CODE = YES;
				CLANG_WARN__DUPLICATE_METHOD_MATCH = YES;
				CODE_SIGN_IDENTITY = "iPhone Developer";
				COPY_PHASE_STRIP = NO;
				DEBUG_INFORMATION_FORMAT = "dwarf-with-dsym";
				ENABLE_NS_ASSERTIONS = NO;
				ENABLE_STRICT_OBJC_MSGSEND = YES;
				GCC_C_LANGUAGE_STANDARD = gnu11;
				GCC_NO_COMMON_BLOCKS = YES;
				GCC_WARN_64_TO_32_BIT_CONVERSION = YES;
				GCC_WARN_ABOUT_RETURN_TYPE = YES_ERROR;
				GCC_WARN_UNDECLARED_SELECTOR = YES;
				GCC_WARN_UNINITIALIZED_AUTOS = YES_AGGRESSIVE;
				GCC_WARN_UNUSED_FUNCTION = YES;
				GCC_WARN_UNUSED_VARIABLE = YES;
				IPHONEOS_DEPLOYMENT_TARGET = 11.2;
				MTL_ENABLE_DEBUG_INFO = NO;
				SDKROOT = iphoneos;
				SWIFT_OPTIMIZATION_LEVEL = "-Owholemodule";
				VALIDATE_PRODUCT = YES;
			};
			name = Release;
		};
		A81BC5F8218622A500478AB1 /* Debug */ = {
			isa = XCBuildConfiguration;
			buildSettings = {
				ASSETCATALOG_COMPILER_APPICON_NAME = AppIcon;
				CODE_SIGN_STYLE = Automatic;
				INFOPLIST_FILE = hamburger/Info.plist;
				LD_RUNPATH_SEARCH_PATHS = "$(inherited) @executable_path/Frameworks";
				PRODUCT_BUNDLE_IDENTIFIER = Ahmed.hamburger;
				PRODUCT_NAME = "$(TARGET_NAME)";
				SWIFT_VERSION = 4.0;
				TARGETED_DEVICE_FAMILY = "1,2";
			};
			name = Debug;
		};
		A81BC5F9218622A500478AB1 /* Release */ = {
			isa = XCBuildConfiguration;
			buildSettings = {
				ASSETCATALOG_COMPILER_APPICON_NAME = AppIcon;
				CODE_SIGN_STYLE = Automatic;
				INFOPLIST_FILE = hamburger/Info.plist;
				LD_RUNPATH_SEARCH_PATHS = "$(inherited) @executable_path/Frameworks";
				PRODUCT_BUNDLE_IDENTIFIER = Ahmed.hamburger;
				PRODUCT_NAME = "$(TARGET_NAME)";
				SWIFT_VERSION = 4.0;
				TARGETED_DEVICE_FAMILY = "1,2";
			};
			name = Release;
		};
/* End XCBuildConfiguration section */

/* Begin XCConfigurationList section */
		A81BC5DD218622A400478AB1 /* Build configuration list for PBXProject "hamburger" */ = {
			isa = XCConfigurationList;
			buildConfigurations = (
				A81BC5F5218622A500478AB1 /* Debug */,
				A81BC5F6218622A500478AB1 /* Release */,
			);
			defaultConfigurationIsVisible = 0;
			defaultConfigurationName = Release;
		};
		A81BC5F7218622A500478AB1 /* Build configuration list for PBXNativeTarget "hamburger" */ = {
			isa = XCConfigurationList;
			buildConfigurations = (
				A81BC5F8218622A500478AB1 /* Debug */,
				A81BC5F9218622A500478AB1 /* Release */,
			);
			defaultConfigurationIsVisible = 0;
			defaultConfigurationName = Release;
		};
/* End XCConfigurationList section */

/* Begin XCVersionGroup section */
		A81BC5EC218622A500478AB1 /* hamburger.xcdatamodeld */ = {
			isa = XCVersionGroup;
			children = (
				A81BC5ED218622A500478AB1 /* hamburger.xcdatamodel */,
			);
			currentVersion = A81BC5ED218622A500478AB1 /* hamburger.xcdatamodel */;
			path = hamburger.xcdatamodeld;
			sourceTree = "<group>";
			versionGroupType = wrapper.xcdatamodel;
		};
/* End XCVersionGroup section */
	};
	rootObject = A81BC5DA218622A400478AB1 /* Project object */;
}
